
Microsoft Visual Studio Solution File, Format Version 12.00
# Visual Studio Version 17
VisualStudioVersion = 17.1.32328.378
MinimumVisualStudioVersion = 10.0.40219.1
Project("{FAE04EC0-301F-11D3-BF4B-00C04F79EFBC}") = "ServerStatus", "ServerStatus\ServerStatus.csproj", "{FC4D1198-8473-48AB-B14B-098AF6B4E46A}"
EndProject
Global
	GlobalSection(SolutionConfigurationPlatforms) = preSolution
		Debug|Any CPU = Debug|Any CPU
		Release|Any CPU = Release|Any CPU
	EndGlobalSection
	GlobalSection(ProjectConfigurationPlatforms) = postSolution
		{FC4D1198-8473-48AB-B14B-098AF6B4E46A}.Debug|Any CPU.ActiveCfg = Debug|Any CPU
		{FC4D1198-8473-48AB-B14B-098AF6B4E46A}.Debug|Any CPU.Build.0 = Debug|Any CPU
		{FC4D1198-8473-48AB-B14B-098AF6B4E46A}.Release|Any CPU.ActiveCfg = Release|Any CPU
		{FC4D1198-8473-48AB-B14B-098AF6B4E46A}.Release|Any CPU.Build.0 = Release|Any CPU
	EndGlobalSection
	GlobalSection(SolutionProperties) = preSolution
		HideSolutionNode = FALSE
	EndGlobalSection
	GlobalSection(ExtensibilityGlobals) = postSolution
		SolutionGuid = {B95CCE48-913F-4B8A-8F51-8166D3C7C65E}
	EndGlobalSection
EndGlobal
